
Microsoft Visual Studio Solution File, Format Version 12.00
# Visual Studio Version 17
VisualStudioVersion = 17.10.34928.147
MinimumVisualStudioVersion = 10.0.40219.1
Project("{FAE04EC0-301F-11D3-BF4B-00C04F79EFBC}") = "APIFirst", "APIFirst.csproj", "{1F774243-D226-43E1-9F3A-28709AE6D89F}"
EndProject
Global
	GlobalSection(SolutionConfigurationPlatforms) = preSolution
		Debug|Any CPU = Debug|Any CPU
		Release|Any CPU = Release|Any CPU
	EndGlobalSection
	GlobalSection(ProjectConfigurationPlatforms) = postSolution
		{1F774243-D226-43E1-9F3A-28709AE6D89F}.Debug|Any CPU.ActiveCfg = Debug|Any CPU
		{1F774243-D226-43E1-9F3A-28709AE6D89F}.Debug|Any CPU.Build.0 = Debug|Any CPU
		{1F774243-D226-43E1-9F3A-28709AE6D89F}.Release|Any CPU.ActiveCfg = Release|Any CPU
		{1F774243-D226-43E1-9F3A-28709AE6D89F}.Release|Any CPU.Build.0 = Release|Any CPU
	EndGlobalSection
	GlobalSection(SolutionProperties) = preSolution
		HideSolutionNode = FALSE
	EndGlobalSection
	GlobalSection(ExtensibilityGlobals) = postSolution
		SolutionGuid = {CB730B4F-DF30-421A-8E8F-268FFCD4E1CD}
	EndGlobalSection
EndGlobal
